
Microsoft Visual Studio Solution File, Format Version 12.00
# Visual Studio Version 16
VisualStudioVersion = 16.0.31605.320
MinimumVisualStudioVersion = 10.0.40219.1
Project("{FAE04EC0-301F-11D3-BF4B-00C04F79EFBC}") = "Wpf_Yshakow_PR1", "Wpf_Yshakow_PR1\Wpf_Yshakow_PR1.csproj", "{BCEBA1B2-BE3C-4C4D-A522-9515B28270A2}"
EndProject
Global
	GlobalSection(SolutionConfigurationPlatforms) = preSolution
		Debug|Any CPU = Debug|Any CPU
		Release|Any CPU = Release|Any CPU
	EndGlobalSection
	GlobalSection(ProjectConfigurationPlatforms) = postSolution
		{BCEBA1B2-BE3C-4C4D-A522-9515B28270A2}.Debug|Any CPU.ActiveCfg = Debug|Any CPU
		{BCEBA1B2-BE3C-4C4D-A522-9515B28270A2}.Debug|Any CPU.Build.0 = Debug|Any CPU
		{BCEBA1B2-BE3C-4C4D-A522-9515B28270A2}.Release|Any CPU.ActiveCfg = Release|Any CPU
		{BCEBA1B2-BE3C-4C4D-A522-9515B28270A2}.Release|Any CPU.Build.0 = Release|Any CPU
	EndGlobalSection
	GlobalSection(SolutionProperties) = preSolution
		HideSolutionNode = FALSE
	EndGlobalSection
	GlobalSection(ExtensibilityGlobals) = postSolution
		SolutionGuid = {75A9B380-0044-4EE3-A66E-74D9822F1DA6}
	EndGlobalSection
EndGlobal
